
Microsoft Visual Studio Solution File, Format Version 12.00
# Visual Studio Version 16
VisualStudioVersion = 16.0.29503.13
MinimumVisualStudioVersion = 10.0.40219.1
Project("{F184B08F-C81C-45F6-A57F-5ABD9991F28F}") = "Assignment", "Assignment\Assignment.vbproj", "{62844D5D-AEBB-4350-AF5E-1003C14B97B4}"
EndProject
Global
	GlobalSection(SolutionConfigurationPlatforms) = preSolution
		Debug|Any CPU = Debug|Any CPU
		Release|Any CPU = Release|Any CPU
	EndGlobalSection
	GlobalSection(ProjectConfigurationPlatforms) = postSolution
		{62844D5D-AEBB-4350-AF5E-1003C14B97B4}.Debug|Any CPU.ActiveCfg = Debug|Any CPU
		{62844D5D-AEBB-4350-AF5E-1003C14B97B4}.Debug|Any CPU.Build.0 = Debug|Any CPU
		{62844D5D-AEBB-4350-AF5E-1003C14B97B4}.Release|Any CPU.ActiveCfg = Release|Any CPU
		{62844D5D-AEBB-4350-AF5E-1003C14B97B4}.Release|Any CPU.Build.0 = Release|Any CPU
	EndGlobalSection
	GlobalSection(SolutionProperties) = preSolution
		HideSolutionNode = FALSE
	EndGlobalSection
	GlobalSection(ExtensibilityGlobals) = postSolution
		SolutionGuid = {85C16E81-3D1E-4ACD-AC6A-B3931818BAB2}
	EndGlobalSection
EndGlobal
